
Microsoft Visual Studio Solution File, Format Version 12.00
# Visual Studio Version 17
VisualStudioVersion = 17.5.33516.290
MinimumVisualStudioVersion = 10.0.40219.1
Project("{FAE04EC0-301F-11D3-BF4B-00C04F79EFBC}") = "Test1", "Test_MTS1\Test1.csproj", "{DE5F97DA-A9D1-4F82-B556-53877DC74AE5}"
EndProject
Project("{FAE04EC0-301F-11D3-BF4B-00C04F79EFBC}") = "home_1", "home_1\home_1.csproj", "{292F4610-A912-42B5-8A28-DB6062408520}"
EndProject
Global
	GlobalSection(SolutionConfigurationPlatforms) = preSolution
		Debug|Any CPU = Debug|Any CPU
		Release|Any CPU = Release|Any CPU
	EndGlobalSection
	GlobalSection(ProjectConfigurationPlatforms) = postSolution
		{DE5F97DA-A9D1-4F82-B556-53877DC74AE5}.Debug|Any CPU.ActiveCfg = Debug|Any CPU
		{DE5F97DA-A9D1-4F82-B556-53877DC74AE5}.Debug|Any CPU.Build.0 = Debug|Any CPU
		{DE5F97DA-A9D1-4F82-B556-53877DC74AE5}.Release|Any CPU.ActiveCfg = Release|Any CPU
		{DE5F97DA-A9D1-4F82-B556-53877DC74AE5}.Release|Any CPU.Build.0 = Release|Any CPU
		{292F4610-A912-42B5-8A28-DB6062408520}.Debug|Any CPU.ActiveCfg = Debug|Any CPU
		{292F4610-A912-42B5-8A28-DB6062408520}.Debug|Any CPU.Build.0 = Debug|Any CPU
		{292F4610-A912-42B5-8A28-DB6062408520}.Release|Any CPU.ActiveCfg = Release|Any CPU
		{292F4610-A912-42B5-8A28-DB6062408520}.Release|Any CPU.Build.0 = Release|Any CPU
	EndGlobalSection
	GlobalSection(SolutionProperties) = preSolution
		HideSolutionNode = FALSE
	EndGlobalSection
	GlobalSection(ExtensibilityGlobals) = postSolution
		SolutionGuid = {8A3868AB-782C-4306-AFED-F41C9662EDF3}
	EndGlobalSection
EndGlobal
